<?xml version="1.0" encoding="utf-8"?>
<Project ToolsVersion="4.0" xmlns="http://schemas.microsoft.com/developer/msbuild/2003">
  <ItemGroup>
    <ClCompile Include="..\src\assignment4.cpp" />
    <ClCompile Include="..\src\ModelLoader.cpp" />
    <ClCompile Include="..\src\RenderModel.cpp" />
    <ClCompile Include="..\src\RenderModelManager.cpp" />
    <ClCompile Include="..\src\Shader.cpp" />
    <ClCompile Include="..\src\ShaderManager.cpp" />
    <ClCompile Include="..\src\ShaderProgram.cpp" />
    <ClCompile Include="..\src\utils.cpp" />
    <ClCompile Include="..\src\WorldObject.cpp" />
    <ClCompile Include="..\src\WorldObjectManager.cpp" />
    <ClCompile Include="..\src\ColorMaterial.cpp" />
    <ClCompile Include="..\src\Mirror.cpp" />
    <ClCompile Include="..\src\MaterialManager.cpp" />
    <ClCompile Include="..\src\MatrixStack.cpp" />
    <ClCompile Include="..\src\SymmetryExt.cpp" />
    <ClCompile Include="..\src\test\SymmetryExtTests.cpp">
      <Filter>Tests</Filter>
    </ClCompile>
    <ClCompile Include="..\src\perlin.cpp" />
    <ClCompile Include="..\src\Texture.cpp" />
  </ItemGroup>
  <ItemGroup>
    <ClInclude Include="..\src\engine.h" />
    <ClInclude Include="..\src\ModelLoader.h" />
    <ClInclude Include="..\src\RenderModel.h" />
    <ClInclude Include="..\src\RenderModelManager.h" />
    <ClInclude Include="..\src\Shader.h" />
    <ClInclude Include="..\src\ShaderManager.h" />
    <ClInclude Include="..\src\ShaderProgram.h" />
    <ClInclude Include="..\src\WorldObject.h" />
    <ClInclude Include="..\src\utils.h" />
    <ClInclude Include="..\src\WorldObjectManager.h" />
    <ClInclude Include="..\src\ColorMaterial.h" />
    <ClInclude Include="..\src\Mirror.h" />
    <ClInclude Include="..\src\MaterialManager.h" />
    <ClInclude Include="..\src\MatrixStack.h" />
    <ClInclude Include="..\src\SymmetryExt.h" />
    <ClInclude Include="..\src\test\SymmetryExtTests.h">
      <Filter>Tests</Filter>
    </ClInclude>
    <ClInclude Include="..\src\perlin.h" />
    <ClInclude Include="..\src\Texture.h" />
  </ItemGroup>
  <ItemGroup>
    <Filter Include="Shaders">
      <UniqueIdentifier>{830160af-e22d-41fd-811f-c69d6e9f45c8}</UniqueIdentifier>
      <Extensions>.glsl</Extensions>
    </Filter>
    <Filter Include="Tests">
      <UniqueIdentifier>{d2b666b8-8e1e-4b23-88de-8d2666a6fed5}</UniqueIdentifier>
    </Filter>
  </ItemGroup>
  <ItemGroup>
    <None Include="..\resources\shaderSrc\myFS.glsl">
      <Filter>Shaders</Filter>
    </None>
    <None Include="..\resources\shaderSrc\myVS.glsl">
      <Filter>Shaders</Filter>
    </None>
    <None Include="..\resources\shaderSrc\selectedFS.glsl">
      <Filter>Shaders</Filter>
    </None>
    <None Include="..\resources\shaderSrc\selectedVS.glsl">
      <Filter>Shaders</Filter>
    </None>
    <None Include="..\resources\shaderSrc\myPhongFS.glsl">
      <Filter>Shaders</Filter>
    </None>
    <None Include="..\resources\shaderSrc\myPhongVS.glsl">
      <Filter>Shaders</Filter>
    </None>
    <None Include="..\resources\shaderSrc\graniteFS.glsl">
      <Filter>Shaders</Filter>
    </None>
    <None Include="..\resources\shaderSrc\graniteVS.glsl">
      <Filter>Shaders</Filter>
    </None>
    <None Include="..\resources\shaderSrc\marbleFS.glsl">
      <Filter>Shaders</Filter>
    </None>
    <None Include="..\resources\shaderSrc\marbleVS.glsl">
      <Filter>Shaders</Filter>
    </None>
  </ItemGroup>
</Project>